
Microsoft Visual Studio Solution File, Format Version 12.00
# Visual Studio Version 16
VisualStudioVersion = 16.0.32106.194
MinimumVisualStudioVersion = 10.0.40219.1
Project("{FAE04EC0-301F-11D3-BF4B-00C04F79EFBC}") = "Singleton", "Singleton\Singleton.csproj", "{ECD38959-AEAB-4F1D-B271-C882F9A88077}"
EndProject
Project("{FAE04EC0-301F-11D3-BF4B-00C04F79EFBC}") = "FactoryMethod", "FactoryMethod\FactoryMethod.csproj", "{D6A38DFB-4BB4-43AB-BC9A-88F69750163C}"
EndProject
Project("{FAE04EC0-301F-11D3-BF4B-00C04F79EFBC}") = "AbstractFactory", "AbstractFactory\AbstractFactory.csproj", "{E8A6DEA8-5AD3-41E8-ADD0-6B04A6AA6747}"
EndProject
Project("{FAE04EC0-301F-11D3-BF4B-00C04F79EFBC}") = "Prototype", "Prototype\Prototype.csproj", "{0486513B-2A71-40D9-B673-08FAE65E4290}"
EndProject
Project("{FAE04EC0-301F-11D3-BF4B-00C04F79EFBC}") = "Builder", "Builder\Builder.csproj", "{6478A635-7307-4285-8D51-3BAC266C60B6}"
EndProject
Project("{FAE04EC0-301F-11D3-BF4B-00C04F79EFBC}") = "Facade", "Facade\Facade.csproj", "{E8A2785F-B80E-4D08-AD6C-50472BE49105}"
EndProject
Project("{FAE04EC0-301F-11D3-BF4B-00C04F79EFBC}") = "Adapter", "Adapter\Adapter.csproj", "{977FDFA3-F393-4C85-BE89-1C2A4D10C7D0}"
EndProject
Project("{FAE04EC0-301F-11D3-BF4B-00C04F79EFBC}") = "Composite", "Composite\Composite.csproj", "{E0589E68-D190-4508-956F-083AF9F4CC9A}"
EndProject
Project("{FAE04EC0-301F-11D3-BF4B-00C04F79EFBC}") = "Proxy", "Proxy\Proxy.csproj", "{2904C7F9-DAC3-4762-B6D6-D22A02A4AD1E}"
EndProject
Project("{FAE04EC0-301F-11D3-BF4B-00C04F79EFBC}") = "Decorator", "Decorator\Decorator.csproj", "{074C7D6A-0E8B-48F8-96C0-4EA8FAE3F5E3}"
EndProject
Project("{FAE04EC0-301F-11D3-BF4B-00C04F79EFBC}") = "Bridge", "Bridge\Bridge.csproj", "{254CD1BA-2E38-4657-8379-3022C6CE16C6}"
EndProject
Project("{FAE04EC0-301F-11D3-BF4B-00C04F79EFBC}") = "Strategy", "Strategy\Strategy.csproj", "{98EADDD4-92E6-4977-BBC2-B3AEC7C7D901}"
EndProject
Project("{FAE04EC0-301F-11D3-BF4B-00C04F79EFBC}") = "Observer", "Observer\Observer.csproj", "{37BAFE01-F02C-4BDA-8464-7B8858C5B9CD}"
EndProject
Global
	GlobalSection(SolutionConfigurationPlatforms) = preSolution
		Debug|Any CPU = Debug|Any CPU
		Release|Any CPU = Release|Any CPU
	EndGlobalSection
	GlobalSection(ProjectConfigurationPlatforms) = postSolution
		{ECD38959-AEAB-4F1D-B271-C882F9A88077}.Debug|Any CPU.ActiveCfg = Debug|Any CPU
		{ECD38959-AEAB-4F1D-B271-C882F9A88077}.Debug|Any CPU.Build.0 = Debug|Any CPU
		{ECD38959-AEAB-4F1D-B271-C882F9A88077}.Release|Any CPU.ActiveCfg = Release|Any CPU
		{ECD38959-AEAB-4F1D-B271-C882F9A88077}.Release|Any CPU.Build.0 = Release|Any CPU
		{D6A38DFB-4BB4-43AB-BC9A-88F69750163C}.Debug|Any CPU.ActiveCfg = Debug|Any CPU
		{D6A38DFB-4BB4-43AB-BC9A-88F69750163C}.Debug|Any CPU.Build.0 = Debug|Any CPU
		{D6A38DFB-4BB4-43AB-BC9A-88F69750163C}.Release|Any CPU.ActiveCfg = Release|Any CPU
		{D6A38DFB-4BB4-43AB-BC9A-88F69750163C}.Release|Any CPU.Build.0 = Release|Any CPU
		{E8A6DEA8-5AD3-41E8-ADD0-6B04A6AA6747}.Debug|Any CPU.ActiveCfg = Debug|Any CPU
		{E8A6DEA8-5AD3-41E8-ADD0-6B04A6AA6747}.Debug|Any CPU.Build.0 = Debug|Any CPU
		{E8A6DEA8-5AD3-41E8-ADD0-6B04A6AA6747}.Release|Any CPU.ActiveCfg = Release|Any CPU
		{E8A6DEA8-5AD3-41E8-ADD0-6B04A6AA6747}.Release|Any CPU.Build.0 = Release|Any CPU
		{0486513B-2A71-40D9-B673-08FAE65E4290}.Debug|Any CPU.ActiveCfg = Debug|Any CPU
		{0486513B-2A71-40D9-B673-08FAE65E4290}.Debug|Any CPU.Build.0 = Debug|Any CPU
		{0486513B-2A71-40D9-B673-08FAE65E4290}.Release|Any CPU.ActiveCfg = Release|Any CPU
		{0486513B-2A71-40D9-B673-08FAE65E4290}.Release|Any CPU.Build.0 = Release|Any CPU
		{6478A635-7307-4285-8D51-3BAC266C60B6}.Debug|Any CPU.ActiveCfg = Debug|Any CPU
		{6478A635-7307-4285-8D51-3BAC266C60B6}.Debug|Any CPU.Build.0 = Debug|Any CPU
		{6478A635-7307-4285-8D51-3BAC266C60B6}.Release|Any CPU.ActiveCfg = Release|Any CPU
		{6478A635-7307-4285-8D51-3BAC266C60B6}.Release|Any CPU.Build.0 = Release|Any CPU
		{E8A2785F-B80E-4D08-AD6C-50472BE49105}.Debug|Any CPU.ActiveCfg = Debug|Any CPU
		{E8A2785F-B80E-4D08-AD6C-50472BE49105}.Debug|Any CPU.Build.0 = Debug|Any CPU
		{E8A2785F-B80E-4D08-AD6C-50472BE49105}.Release|Any CPU.ActiveCfg = Release|Any CPU
		{E8A2785F-B80E-4D08-AD6C-50472BE49105}.Release|Any CPU.Build.0 = Release|Any CPU
		{977FDFA3-F393-4C85-BE89-1C2A4D10C7D0}.Debug|Any CPU.ActiveCfg = Debug|Any CPU
		{977FDFA3-F393-4C85-BE89-1C2A4D10C7D0}.Debug|Any CPU.Build.0 = Debug|Any CPU
		{977FDFA3-F393-4C85-BE89-1C2A4D10C7D0}.Release|Any CPU.ActiveCfg = Release|Any CPU
		{977FDFA3-F393-4C85-BE89-1C2A4D10C7D0}.Release|Any CPU.Build.0 = Release|Any CPU
		{E0589E68-D190-4508-956F-083AF9F4CC9A}.Debug|Any CPU.ActiveCfg = Debug|Any CPU
		{E0589E68-D190-4508-956F-083AF9F4CC9A}.Debug|Any CPU.Build.0 = Debug|Any CPU
		{E0589E68-D190-4508-956F-083AF9F4CC9A}.Release|Any CPU.ActiveCfg = Release|Any CPU
		{E0589E68-D190-4508-956F-083AF9F4CC9A}.Release|Any CPU.Build.0 = Release|Any CPU
		{2904C7F9-DAC3-4762-B6D6-D22A02A4AD1E}.Debug|Any CPU.ActiveCfg = Debug|Any CPU
		{2904C7F9-DAC3-4762-B6D6-D22A02A4AD1E}.Debug|Any CPU.Build.0 = Debug|Any CPU
		{2904C7F9-DAC3-4762-B6D6-D22A02A4AD1E}.Release|Any CPU.ActiveCfg = Release|Any CPU
		{2904C7F9-DAC3-4762-B6D6-D22A02A4AD1E}.Release|Any CPU.Build.0 = Release|Any CPU
		{074C7D6A-0E8B-48F8-96C0-4EA8FAE3F5E3}.Debug|Any CPU.ActiveCfg = Debug|Any CPU
		{074C7D6A-0E8B-48F8-96C0-4EA8FAE3F5E3}.Debug|Any CPU.Build.0 = Debug|Any CPU
		{074C7D6A-0E8B-48F8-96C0-4EA8FAE3F5E3}.Release|Any CPU.ActiveCfg = Release|Any CPU
		{074C7D6A-0E8B-48F8-96C0-4EA8FAE3F5E3}.Release|Any CPU.Build.0 = Release|Any CPU
		{254CD1BA-2E38-4657-8379-3022C6CE16C6}.Debug|Any CPU.ActiveCfg = Debug|Any CPU
		{254CD1BA-2E38-4657-8379-3022C6CE16C6}.Debug|Any CPU.Build.0 = Debug|Any CPU
		{254CD1BA-2E38-4657-8379-3022C6CE16C6}.Release|Any CPU.ActiveCfg = Release|Any CPU
		{254CD1BA-2E38-4657-8379-3022C6CE16C6}.Release|Any CPU.Build.0 = Release|Any CPU
		{98EADDD4-92E6-4977-BBC2-B3AEC7C7D901}.Debug|Any CPU.ActiveCfg = Debug|Any CPU
		{98EADDD4-92E6-4977-BBC2-B3AEC7C7D901}.Debug|Any CPU.Build.0 = Debug|Any CPU
		{98EADDD4-92E6-4977-BBC2-B3AEC7C7D901}.Release|Any CPU.ActiveCfg = Release|Any CPU
		{98EADDD4-92E6-4977-BBC2-B3AEC7C7D901}.Release|Any CPU.Build.0 = Release|Any CPU
		{37BAFE01-F02C-4BDA-8464-7B8858C5B9CD}.Debug|Any CPU.ActiveCfg = Debug|Any CPU
		{37BAFE01-F02C-4BDA-8464-7B8858C5B9CD}.Debug|Any CPU.Build.0 = Debug|Any CPU
		{37BAFE01-F02C-4BDA-8464-7B8858C5B9CD}.Release|Any CPU.ActiveCfg = Release|Any CPU
		{37BAFE01-F02C-4BDA-8464-7B8858C5B9CD}.Release|Any CPU.Build.0 = Release|Any CPU
	EndGlobalSection
	GlobalSection(SolutionProperties) = preSolution
		HideSolutionNode = FALSE
	EndGlobalSection
	GlobalSection(ExtensibilityGlobals) = postSolution
		SolutionGuid = {3DAFFEA1-C3AC-4D26-9492-5DA0B90097AB}
	EndGlobalSection
EndGlobal
